Microsoft Visual Studio Solution File, Format Version 11.00
# Visual Studio 2008

Project("{A40808EC-481E-8410-08F8-C58046452115}") = "MyWorld", "Assembly-CSharp.csproj", "{04692CC0-CACE-3E21-96F3-CB551DEBA30E}"
EndProject
Project("{A40808EC-481E-8410-08F8-C58046452115}") = "MyWorld", "Assembly-CSharp-Editor.csproj", "{49D03700-E91E-D1F1-A573-73EA6B2AD1E5}"
EndProject
Global
	GlobalSection(SolutionConfigurationPlatforms) = preSolution
		Debug|Any CPU = Debug|Any CPU
		Release|Any CPU = Release|Any CPU
	EndGlobalSection
	GlobalSection(ProjectConfigurationPlatforms) = postSolution
		{04692CC0-CACE-3E21-96F3-CB551DEBA30E}.Debug|Any CPU.ActiveCfg = Debug|Any CPU
		{04692CC0-CACE-3E21-96F3-CB551DEBA30E}.Debug|Any CPU.Build.0 = Debug|Any CPU
		{04692CC0-CACE-3E21-96F3-CB551DEBA30E}.Release|Any CPU.ActiveCfg = Release|Any CPU
		{04692CC0-CACE-3E21-96F3-CB551DEBA30E}.Release|Any CPU.Build.0 = Release|Any CPU
		{49D03700-E91E-D1F1-A573-73EA6B2AD1E5}.Debug|Any CPU.ActiveCfg = Debug|Any CPU
		{49D03700-E91E-D1F1-A573-73EA6B2AD1E5}.Debug|Any CPU.Build.0 = Debug|Any CPU
		{49D03700-E91E-D1F1-A573-73EA6B2AD1E5}.Release|Any CPU.ActiveCfg = Release|Any CPU
		{49D03700-E91E-D1F1-A573-73EA6B2AD1E5}.Release|Any CPU.Build.0 = Release|Any CPU
	EndGlobalSection
	GlobalSection(SolutionProperties) = preSolution
		HideSolutionNode = FALSE
	EndGlobalSection
															GlobalSection(MonoDevelopProperties) = preSolution
		StartupItem = Assembly-CSharp.csproj
		Policies = $0
		$0.TextStylePolicy = $1
		$1.inheritsSet = null
		$1.scope = text/x-csharp
		$0.CSharpFormattingPolicy = $2
		$2.inheritsSet = Mono
		$2.inheritsScope = text/x-csharp
		$2.scope = text/x-csharp
		$0.TextStylePolicy = $3
		$3.FileWidth = 120
		$3.TabWidth = 4
		$3.IndentWidth = 4
		$3.EolMarker = Unix
		$3.inheritsSet = Mono
		$3.inheritsScope = text/plain
		$3.scope = text/plain
	EndGlobalSection

EndGlobal
